
Microsoft Visual Studio Solution File, Format Version 12.00
# Visual Studio Version 16
VisualStudioVersion = 16.0.30114.105
MinimumVisualStudioVersion = 10.0.40219.1
Project("{FAE04EC0-301F-11D3-BF4B-00C04F79EFBC}") = "Custome.App.Dominio", "Custome.App.Dominio\Custome.App.Dominio.csproj", "{71A00DF8-6144-4C49-90E0-E8038E2EDD0C}"
EndProject
Project("{FAE04EC0-301F-11D3-BF4B-00C04F79EFBC}") = "Custome.App.Persistencia", "Custome.App.Persistencia\Custome.App.Persistencia.csproj", "{65DF183F-44C7-469D-A886-798E26299FF9}"
EndProject
Project("{FAE04EC0-301F-11D3-BF4B-00C04F79EFBC}") = "CostumeWeb.App.Servicios", "CostumeWeb.App.Servicios\CostumeWeb.App.Servicios.csproj", "{768CB84C-DB30-4340-A6CA-9293D41058E8}"
EndProject
Global
	GlobalSection(SolutionConfigurationPlatforms) = preSolution
		Debug|Any CPU = Debug|Any CPU
		Debug|x64 = Debug|x64
		Debug|x86 = Debug|x86
		Release|Any CPU = Release|Any CPU
		Release|x64 = Release|x64
		Release|x86 = Release|x86
	EndGlobalSection
	GlobalSection(SolutionProperties) = preSolution
		HideSolutionNode = FALSE
	EndGlobalSection
	GlobalSection(ProjectConfigurationPlatforms) = postSolution
		{71A00DF8-6144-4C49-90E0-E8038E2EDD0C}.Debug|Any CPU.ActiveCfg = Debug|Any CPU
		{71A00DF8-6144-4C49-90E0-E8038E2EDD0C}.Debug|Any CPU.Build.0 = Debug|Any CPU
		{71A00DF8-6144-4C49-90E0-E8038E2EDD0C}.Debug|x64.ActiveCfg = Debug|Any CPU
		{71A00DF8-6144-4C49-90E0-E8038E2EDD0C}.Debug|x64.Build.0 = Debug|Any CPU
		{71A00DF8-6144-4C49-90E0-E8038E2EDD0C}.Debug|x86.ActiveCfg = Debug|Any CPU
		{71A00DF8-6144-4C49-90E0-E8038E2EDD0C}.Debug|x86.Build.0 = Debug|Any CPU
		{71A00DF8-6144-4C49-90E0-E8038E2EDD0C}.Release|Any CPU.ActiveCfg = Release|Any CPU
		{71A00DF8-6144-4C49-90E0-E8038E2EDD0C}.Release|Any CPU.Build.0 = Release|Any CPU
		{71A00DF8-6144-4C49-90E0-E8038E2EDD0C}.Release|x64.ActiveCfg = Release|Any CPU
		{71A00DF8-6144-4C49-90E0-E8038E2EDD0C}.Release|x64.Build.0 = Release|Any CPU
		{71A00DF8-6144-4C49-90E0-E8038E2EDD0C}.Release|x86.ActiveCfg = Release|Any CPU
		{71A00DF8-6144-4C49-90E0-E8038E2EDD0C}.Release|x86.Build.0 = Release|Any CPU
		{65DF183F-44C7-469D-A886-798E26299FF9}.Debug|Any CPU.ActiveCfg = Debug|Any CPU
		{65DF183F-44C7-469D-A886-798E26299FF9}.Debug|Any CPU.Build.0 = Debug|Any CPU
		{65DF183F-44C7-469D-A886-798E26299FF9}.Debug|x64.ActiveCfg = Debug|Any CPU
		{65DF183F-44C7-469D-A886-798E26299FF9}.Debug|x64.Build.0 = Debug|Any CPU
		{65DF183F-44C7-469D-A886-798E26299FF9}.Debug|x86.ActiveCfg = Debug|Any CPU
		{65DF183F-44C7-469D-A886-798E26299FF9}.Debug|x86.Build.0 = Debug|Any CPU
		{65DF183F-44C7-469D-A886-798E26299FF9}.Release|Any CPU.ActiveCfg = Release|Any CPU
		{65DF183F-44C7-469D-A886-798E26299FF9}.Release|Any CPU.Build.0 = Release|Any CPU
		{65DF183F-44C7-469D-A886-798E26299FF9}.Release|x64.ActiveCfg = Release|Any CPU
		{65DF183F-44C7-469D-A886-798E26299FF9}.Release|x64.Build.0 = Release|Any CPU
		{65DF183F-44C7-469D-A886-798E26299FF9}.Release|x86.ActiveCfg = Release|Any CPU
		{65DF183F-44C7-469D-A886-798E26299FF9}.Release|x86.Build.0 = Release|Any CPU
		{768CB84C-DB30-4340-A6CA-9293D41058E8}.Debug|Any CPU.ActiveCfg = Debug|Any CPU
		{768CB84C-DB30-4340-A6CA-9293D41058E8}.Debug|Any CPU.Build.0 = Debug|Any CPU
		{768CB84C-DB30-4340-A6CA-9293D41058E8}.Debug|x64.ActiveCfg = Debug|Any CPU
		{768CB84C-DB30-4340-A6CA-9293D41058E8}.Debug|x64.Build.0 = Debug|Any CPU
		{768CB84C-DB30-4340-A6CA-9293D41058E8}.Debug|x86.ActiveCfg = Debug|Any CPU
		{768CB84C-DB30-4340-A6CA-9293D41058E8}.Debug|x86.Build.0 = Debug|Any CPU
		{768CB84C-DB30-4340-A6CA-9293D41058E8}.Release|Any CPU.ActiveCfg = Release|Any CPU
		{768CB84C-DB30-4340-A6CA-9293D41058E8}.Release|Any CPU.Build.0 = Release|Any CPU
		{768CB84C-DB30-4340-A6CA-9293D41058E8}.Release|x64.ActiveCfg = Release|Any CPU
		{768CB84C-DB30-4340-A6CA-9293D41058E8}.Release|x64.Build.0 = Release|Any CPU
		{768CB84C-DB30-4340-A6CA-9293D41058E8}.Release|x86.ActiveCfg = Release|Any CPU
		{768CB84C-DB30-4340-A6CA-9293D41058E8}.Release|x86.Build.0 = Release|Any CPU
	EndGlobalSection
EndGlobal
